
Microsoft Visual Studio Solution File, Format Version 12.00
# Visual Studio Version 17
VisualStudioVersion = 17.9.34723.18
MinimumVisualStudioVersion = 10.0.40219.1
Project("{9A19103F-16F7-4668-BE54-9A1E7A4F7556}") = "Atv - 05", "Atv - 05\Atv - 05.csproj", "{72D9D87A-86F5-4980-A145-CA8C2E13CB46}"
EndProject
Global
	GlobalSection(SolutionConfigurationPlatforms) = preSolution
		Debug|Any CPU = Debug|Any CPU
		Release|Any CPU = Release|Any CPU
	EndGlobalSection
	GlobalSection(ProjectConfigurationPlatforms) = postSolution
		{72D9D87A-86F5-4980-A145-CA8C2E13CB46}.Debug|Any CPU.ActiveCfg = Debug|Any CPU
		{72D9D87A-86F5-4980-A145-CA8C2E13CB46}.Debug|Any CPU.Build.0 = Debug|Any CPU
		{72D9D87A-86F5-4980-A145-CA8C2E13CB46}.Release|Any CPU.ActiveCfg = Release|Any CPU
		{72D9D87A-86F5-4980-A145-CA8C2E13CB46}.Release|Any CPU.Build.0 = Release|Any CPU
	EndGlobalSection
	GlobalSection(SolutionProperties) = preSolution
		HideSolutionNode = FALSE
	EndGlobalSection
	GlobalSection(ExtensibilityGlobals) = postSolution
		SolutionGuid = {AA49ECCB-ACAB-4738-A701-021A64FBD026}
	EndGlobalSection
EndGlobal
